<?xml version="1.0" encoding="utf-8"?>
<Project ToolsVersion="4.0" xmlns="http://schemas.microsoft.com/developer/msbuild/2003">
  <ItemGroup>
    <Filter Include="源文件">
      <UniqueIdentifier>{4FC737F1-C7A5-4376-A066-2A32D752A2FF}</UniqueIdentifier>
      <Extensions>cpp;c;cc;cxx;def;odl;idl;hpj;bat;asm;asmx</Extensions>
    </Filter>
    <Filter Include="头文件">
      <UniqueIdentifier>{93995380-89BD-4b04-88EB-625FBE52EBFB}</UniqueIdentifier>
      <Extensions>h;hh;hpp;hxx;hm;inl;inc;xsd</Extensions>
    </Filter>
    <Filter Include="资源文件">
      <UniqueIdentifier>{67DA6AB6-F800-4c08-8B7A-83BB121AAD01}</UniqueIdentifier>
      <Extensions>rc;ico;cur;bmp;dlg;rc2;rct;bin;rgs;gif;jpg;jpeg;jpe;resx;tiff;tif;png;wav;mfcribbon-ms</Extensions>
    </Filter>
    <Filter Include="Tinyxml">
      <UniqueIdentifier>{fc1c19a6-1725-405b-bcaa-59e31818eb4e}</UniqueIdentifier>
    </Filter>
    <Filter Include="DataBase">
      <UniqueIdentifier>{46c3d96b-f407-47fe-9cd3-73486d7c369c}</UniqueIdentifier>
    </Filter>
  </ItemGroup>
  <ItemGroup>
    <Text Include="ReadMe.txt" />
  </ItemGroup>
  <ItemGroup>
    <ClInclude Include="stdafx.h">
      <Filter>头文件</Filter>
    </ClInclude>
    <ClInclude Include="targetver.h">
      <Filter>头文件</Filter>
    </ClInclude>
    <ClInclude Include="Tinyxml\tinystr.h">
      <Filter>Tinyxml</Filter>
    </ClInclude>
    <ClInclude Include="Tinyxml\tinyxml.h">
      <Filter>Tinyxml</Filter>
    </ClInclude>
    <ClInclude Include="Tinyxml\XMLFile.h">
      <Filter>Tinyxml</Filter>
    </ClInclude>
    <ClInclude Include="CommonLib.h">
      <Filter>头文件</Filter>
    </ClInclude>
    <ClInclude Include="DataBase\DBConn.h">
      <Filter>DataBase</Filter>
    </ClInclude>
  </ItemGroup>
  <ItemGroup>
    <ClCompile Include="stdafx.cpp">
      <Filter>源文件</Filter>
    </ClCompile>
    <ClCompile Include="CommonLibrary.cpp">
      <Filter>源文件</Filter>
    </ClCompile>
    <ClCompile Include="dllmain.cpp">
      <Filter>源文件</Filter>
    </ClCompile>
    <ClCompile Include="Tinyxml\tinystr.cpp">
      <Filter>Tinyxml</Filter>
    </ClCompile>
    <ClCompile Include="Tinyxml\tinyxml.cpp">
      <Filter>Tinyxml</Filter>
    </ClCompile>
    <ClCompile Include="Tinyxml\tinyxmlerror.cpp">
      <Filter>Tinyxml</Filter>
    </ClCompile>
    <ClCompile Include="Tinyxml\tinyxmlparser.cpp">
      <Filter>Tinyxml</Filter>
    </ClCompile>
    <ClCompile Include="Tinyxml\XMLFile.cpp">
      <Filter>Tinyxml</Filter>
    </ClCompile>
    <ClCompile Include="DataBase\DBConn.cpp">
      <Filter>DataBase</Filter>
    </ClCompile>
  </ItemGroup>
  <ItemGroup>
    <None Include="CommonLibrary.def">
      <Filter>源文件</Filter>
    </None>
  </ItemGroup>
</Project>